
Microsoft Visual Studio Solution File, Format Version 12.00
# Visual Studio Version 16
VisualStudioVersion = 16.0.30204.135
MinimumVisualStudioVersion = 10.0.40219.1
Project("{9A19103F-16F7-4668-BE54-9A1E7A4F7556}") = "Nez", "Nez\Nez.csproj", "{12D0FAD8-4BFB-461D-BE2D-702712AFA632}"
EndProject
Project("{9A19103F-16F7-4668-BE54-9A1E7A4F7556}") = "Nez.FarseerPhysics", "Nez.FarseerPhysics\Nez.FarseerPhysics.csproj", "{CDBBB281-25A8-4EB2-8BFF-CD859A0EE866}"
EndProject
Project("{9A19103F-16F7-4668-BE54-9A1E7A4F7556}") = "Nez.ImGui", "Nez.ImGui\Nez.ImGui.csproj", "{9FBCE535-4D54-4B56-852A-85E3B24352BB}"
EndProject
Project("{9A19103F-16F7-4668-BE54-9A1E7A4F7556}") = "Nez.Persistence", "Nez.Persistence\Nez.Persistence.csproj", "{34FDB1FE-56FA-42CF-8595-7B2BCE2F5D06}"
EndProject
Global
	GlobalSection(SolutionConfigurationPlatforms) = preSolution
		Debug|Any CPU = Debug|Any CPU
		Release|Any CPU = Release|Any CPU
	EndGlobalSection
	GlobalSection(ProjectConfigurationPlatforms) = postSolution
		{12D0FAD8-4BFB-461D-BE2D-702712AFA632}.Debug|Any CPU.ActiveCfg = Debug|Any CPU
		{12D0FAD8-4BFB-461D-BE2D-702712AFA632}.Debug|Any CPU.Build.0 = Debug|Any CPU
		{12D0FAD8-4BFB-461D-BE2D-702712AFA632}.Release|Any CPU.ActiveCfg = Release|Any CPU
		{12D0FAD8-4BFB-461D-BE2D-702712AFA632}.Release|Any CPU.Build.0 = Release|Any CPU
		{CDBBB281-25A8-4EB2-8BFF-CD859A0EE866}.Debug|Any CPU.ActiveCfg = Debug|Any CPU
		{CDBBB281-25A8-4EB2-8BFF-CD859A0EE866}.Debug|Any CPU.Build.0 = Debug|Any CPU
		{CDBBB281-25A8-4EB2-8BFF-CD859A0EE866}.Release|Any CPU.ActiveCfg = Release|Any CPU
		{CDBBB281-25A8-4EB2-8BFF-CD859A0EE866}.Release|Any CPU.Build.0 = Release|Any CPU
		{9FBCE535-4D54-4B56-852A-85E3B24352BB}.Debug|Any CPU.ActiveCfg = Debug|Any CPU
		{9FBCE535-4D54-4B56-852A-85E3B24352BB}.Debug|Any CPU.Build.0 = Debug|Any CPU
		{9FBCE535-4D54-4B56-852A-85E3B24352BB}.Release|Any CPU.ActiveCfg = Release|Any CPU
		{9FBCE535-4D54-4B56-852A-85E3B24352BB}.Release|Any CPU.Build.0 = Release|Any CPU
		{34FDB1FE-56FA-42CF-8595-7B2BCE2F5D06}.Debug|Any CPU.ActiveCfg = Debug|Any CPU
		{34FDB1FE-56FA-42CF-8595-7B2BCE2F5D06}.Debug|Any CPU.Build.0 = Debug|Any CPU
		{34FDB1FE-56FA-42CF-8595-7B2BCE2F5D06}.Release|Any CPU.ActiveCfg = Release|Any CPU
		{34FDB1FE-56FA-42CF-8595-7B2BCE2F5D06}.Release|Any CPU.Build.0 = Release|Any CPU
	EndGlobalSection
	GlobalSection(SolutionProperties) = preSolution
		HideSolutionNode = FALSE
	EndGlobalSection
	GlobalSection(ExtensibilityGlobals) = postSolution
		SolutionGuid = {9C22E4C3-00B7-4E16-A7EF-3DF9B1B66AEA}
	EndGlobalSection
EndGlobal
