
Microsoft Visual Studio Solution File, Format Version 12.00
# Visual Studio Version 16
VisualStudioVersion = 16.0.30621.155
MinimumVisualStudioVersion = 10.0.40219.1
Project("{9A19103F-16F7-4668-BE54-9A1E7A4F7556}") = "ZyberLibrary", "ZyberLibrary\ZyberLibrary.csproj", "{1D69BE7E-C742-4672-85F7-DE636B1BAA74}"
EndProject
Project("{9A19103F-16F7-4668-BE54-9A1E7A4F7556}") = "SokratesSpelet", "SokratesSpelet\SokratesSpelet.csproj", "{9FF1C253-6533-43F6-B884-761AC5F891FC}"
EndProject
Global
	GlobalSection(SolutionConfigurationPlatforms) = preSolution
		Debug|Any CPU = Debug|Any CPU
		Release|Any CPU = Release|Any CPU
	EndGlobalSection
	GlobalSection(ProjectConfigurationPlatforms) = postSolution
		{1D69BE7E-C742-4672-85F7-DE636B1BAA74}.Debug|Any CPU.ActiveCfg = Debug|Any CPU
		{1D69BE7E-C742-4672-85F7-DE636B1BAA74}.Debug|Any CPU.Build.0 = Debug|Any CPU
		{1D69BE7E-C742-4672-85F7-DE636B1BAA74}.Release|Any CPU.ActiveCfg = Release|Any CPU
		{1D69BE7E-C742-4672-85F7-DE636B1BAA74}.Release|Any CPU.Build.0 = Release|Any CPU
		{9FF1C253-6533-43F6-B884-761AC5F891FC}.Debug|Any CPU.ActiveCfg = Debug|Any CPU
		{9FF1C253-6533-43F6-B884-761AC5F891FC}.Debug|Any CPU.Build.0 = Debug|Any CPU
		{9FF1C253-6533-43F6-B884-761AC5F891FC}.Release|Any CPU.ActiveCfg = Release|Any CPU
		{9FF1C253-6533-43F6-B884-761AC5F891FC}.Release|Any CPU.Build.0 = Release|Any CPU
	EndGlobalSection
	GlobalSection(SolutionProperties) = preSolution
		HideSolutionNode = FALSE
	EndGlobalSection
	GlobalSection(ExtensibilityGlobals) = postSolution
		SolutionGuid = {F8DAB0E5-31CD-4E87-8402-1906136A2649}
	EndGlobalSection
EndGlobal
